{
  "version": 4,
  "terraform_version": "1.14.9",
  "serial": 6,
  "lineage": "c2d5009b-6ed2-50d0-3601-aaf26780c251",
  "outputs": {
    "db_endpoint": {
      "value": "taskmanager-db.c5w4ko86iazz.ap-south-1.rds.amazonaws.com:5432",
      "type": "string"
    },
    "db_name": {
      "value": "taskmanager",
      "type": "string"
    },
    "db_username": {
      "value": "taskmanager_db_user",
      "type": "string"
    }
  },
  "resources": [
    {
      "mode": "managed",
      "type": "aws_db_instance",
      "name": "taskmanager",
      "provider": "provider[\"registry.terraform.io/hashicorp/aws\"]",
      "instances": [
        {
          "schema_version": 2,
          "attributes": {
            "address": "taskmanager-db.c5w4ko86iazz.ap-south-1.rds.amazonaws.com",
            "allocated_storage": 20,
            "allow_major_version_upgrade": null,
            "apply_immediately": false,
            "arn": "arn:aws:rds:ap-south-1:789559957793:db:taskmanager-db",
            "auto_minor_version_upgrade": true,
            "availability_zone": "ap-south-1b",
            "backup_retention_period": 0,
            "backup_target": "region",
            "backup_window": "21:25-21:55",
            "blue_green_update": [],
            "ca_cert_identifier": "rds-ca-rsa2048-g1",
            "character_set_name": "",
            "copy_tags_to_snapshot": false,
            "custom_iam_instance_profile": "",
            "customer_owned_ip_enabled": false,
            "database_insights_mode": "standard",
            "db_name": "taskmanager",
            "db_subnet_group_name": "default",
            "dedicated_log_volume": false,
            "delete_automated_backups": true,
            "deletion_protection": false,
            "domain": "",
            "domain_auth_secret_arn": "",
            "domain_dns_ips": [],
            "domain_fqdn": "",
            "domain_iam_role_name": "",
            "domain_ou": "",
            "enabled_cloudwatch_logs_exports": [],
            "endpoint": "taskmanager-db.c5w4ko86iazz.ap-south-1.rds.amazonaws.com:5432",
            "engine": "postgres",
            "engine_lifecycle_support": "open-source-rds-extended-support",
            "engine_version": "15",
            "engine_version_actual": "15.17",
            "final_snapshot_identifier": null,
            "hosted_zone_id": "Z2VFMSZA74J7XZ",
            "iam_database_authentication_enabled": false,
            "id": "db-D7Q45HCOXSDIJIG7H4KM57SC54",
            "identifier": "taskmanager-db",
            "identifier_prefix": "",
            "instance_class": "db.t3.micro",
            "iops": 0,
            "kms_key_id": "",
            "latest_restorable_time": "",
            "license_model": "postgresql-license",
            "listener_endpoint": [],
            "maintenance_window": "sun:06:27-sun:06:57",
            "manage_master_user_password": null,
            "master_user_secret": [],
            "master_user_secret_kms_key_id": null,
            "max_allocated_storage": 0,
            "monitoring_interval": 0,
            "monitoring_role_arn": "",
            "multi_az": false,
            "nchar_character_set_name": "",
            "network_type": "IPV4",
            "option_group_name": "default:postgres-15",
            "parameter_group_name": "default.postgres15",
            "password": "supabase",
            "password_wo": null,
            "password_wo_version": null,
            "performance_insights_enabled": false,
            "performance_insights_kms_key_id": "",
            "performance_insights_retention_period": 0,
            "port": 5432,
            "publicly_accessible": true,
            "replica_mode": "",
            "replicas": [],
            "replicate_source_db": "",
            "resource_id": "db-D7Q45HCOXSDIJIG7H4KM57SC54",
            "restore_to_point_in_time": [],
            "s3_import": [],
            "skip_final_snapshot": true,
            "snapshot_identifier": null,
            "status": "available",
            "storage_encrypted": false,
            "storage_throughput": 0,
            "storage_type": "gp2",
            "tags": {
              "Name": "taskmanager-db"
            },
            "tags_all": {
              "Name": "taskmanager-db"
            },
            "timeouts": null,
            "timezone": "",
            "upgrade_storage_config": null,
            "username": "taskmanager_db_user",
            "vpc_security_group_ids": [
              "sg-0db1865a0ed4d11d3"
            ]
          },
          "sensitive_attributes": [
            [
              {
                "type": "get_attr",
                "value": "password"
              }
            ],
            [
              {
                "type": "get_attr",
                "value": "password_wo"
              }
            ]
          ],
          "identity_schema_version": 0,
          "private": "eyJlMmJmYjczMC1lY2FhLTExZTYtOGY4OC0zNDM2M2JjN2M0YzAiOnsiY3JlYXRlIjozMDAwMDAwMDAwMDAwLCJkZWxldGUiOjM2MDAwMDAwMDAwMDAsInVwZGF0ZSI6NDgwMDAwMDAwMDAwMH0sInNjaGVtYV92ZXJzaW9uIjoiMiJ9"
        }
      ]
    },
    {
      "mode": "managed",
      "type": "aws_key_pair",
      "name": "taskmanager",
      "provider": "provider[\"registry.terraform.io/hashicorp/aws\"]",
      "instances": [
        {
          "schema_version": 1,
          "attributes": {
            "arn": "arn:aws:ec2:ap-south-1:789559957793:key-pair/taskmanager-key",
            "fingerprint": "66:07:0d:9c:a6:c2:57:f6:75:09:b2:ba:f0:b2:74:96",
            "id": "taskmanager-key",
            "key_name": "taskmanager-key",
            "key_name_prefix": "",
            "key_pair_id": "key-011ba8d95867f1d10",
            "key_type": "rsa",
            "public_key": "ssh-rsa AAAAB3NzaC1yc2EAAAADAQABAAACAQDFWy3sqfUHp/RoLKaUYJwbGzRNc4biV7wheskCB2bTOpuZ4OxXj4oJtM/hzT5Q3PPffRKZlzeeQeCcNlsITTlg2EDCnoTo6T0ZUe8wzwhK38KJkvueHk/7I3C7uBALuCdIFEcTAfVXMovh3aHL9zOmGKNRWladkbNuygCpt95lPLae6M7nX/uCLBqN5K3M5Oipx8RG1Udz6yi7FhKfEAKCw9o7Z5K6odi4YFjCDzVI9sBkuWO9qCHck3vd84mAhKqGUH2+VbuXRNnvHkh59lzW+Pyv9pw2W6UWIyk09fpii6GNP2prFXd0XAwbUPIclkX8omXlqzJLUPFUyApeL9Q3XBp8jKK6CM+YPnVB2BPgZinMScWQn+puq9wx1A7B4ySVs+SL9ySxYg9l9dTXNge0mFMPUHOKzZSgGvQVt02dQTVYjvvlYrlgE+4ANwH1SUG8od5gKljqDNHOFJVanLFZ7YUsxoU468gHw98pnH5FoSwWdzVj51qA4G8WWBzTdw0HSFG3/niKjOVsBMbbyN9I/BkkhD4EavKE0hOXnwevLQehzYt8+5N2x/M9HTJi+bG7e6a0LpS9IoSMIfe82wIMVbJGHLS9VmSDODvuzFLYElKR56UHCWDiQqxcUQHWMO0iIWoEsJ7y/PzRE/4bcuqaDhEHkKMJUMWLi8AhdvatFQ== sharanzz@Sharans-ZENBOOK",
            "tags": null,
            "tags_all": {}
          },
          "sensitive_attributes": [],
          "identity_schema_version": 0,
          "private": "eyJzY2hlbWFfdmVyc2lvbiI6IjEifQ=="
        }
      ]
    },
    {
      "mode": "managed",
      "type": "aws_security_group",
      "name": "taskmanager_ec2",
      "provider": "provider[\"registry.terraform.io/hashicorp/aws\"]",
      "instances": [
        {
          "schema_version": 1,
          "attributes": {
            "arn": "arn:aws:ec2:ap-south-1:789559957793:security-group/sg-0acc69e27ecf1715e",
            "description": "Allow HTTP, HTTPS and SSH",
            "egress": [
              {
                "cidr_blocks": [
                  "0.0.0.0/0"
                ],
                "description": "",
                "from_port": 0,
                "ipv6_cidr_blocks": [],
                "prefix_list_ids": [],
                "protocol": "-1",
                "security_groups": [],
                "self": false,
                "to_port": 0
              }
            ],
            "id": "sg-0acc69e27ecf1715e",
            "ingress": [
              {
                "cidr_blocks": [
                  "0.0.0.0/0"
                ],
                "description": "",
                "from_port": 22,
                "ipv6_cidr_blocks": [],
                "prefix_list_ids": [],
                "protocol": "tcp",
                "security_groups": [],
                "self": false,
                "to_port": 22
              },
              {
                "cidr_blocks": [
                  "0.0.0.0/0"
                ],
                "description": "",
                "from_port": 8000,
                "ipv6_cidr_blocks": [],
                "prefix_list_ids": [],
                "protocol": "tcp",
                "security_groups": [],
                "self": false,
                "to_port": 8000
              },
              {
                "cidr_blocks": [
                  "0.0.0.0/0"
                ],
                "description": "",
                "from_port": 80,
                "ipv6_cidr_blocks": [],
                "prefix_list_ids": [],
                "protocol": "tcp",
                "security_groups": [],
                "self": false,
                "to_port": 80
              }
            ],
            "name": "taskmanager-ec2-sg",
            "name_prefix": "",
            "owner_id": "789559957793",
            "revoke_rules_on_delete": false,
            "tags": null,
            "tags_all": {},
            "timeouts": null,
            "vpc_id": "vpc-04db685518d82e5a3"
          },
          "sensitive_attributes": [],
          "identity_schema_version": 0,
          "private": "eyJlMmJmYjczMC1lY2FhLTExZTYtOGY4OC0zNDM2M2JjN2M0YzAiOnsiY3JlYXRlIjo2MDAwMDAwMDAwMDAsImRlbGV0ZSI6OTAwMDAwMDAwMDAwfSwic2NoZW1hX3ZlcnNpb24iOiIxIn0="
        }
      ]
    }
  ],
  "check_results": null
}
